dependencies:
- name: postgresql
  repository: https://charts.bitnami.com/bitnami
  version: 18.5.14
- name: ctwall-backend
  repository: file://../../backend/helm/ctwall-backend
  version: 1.2.0
- name: ctwall-frontend
  repository: file://../../frontend/helm/ctwall-frontend
  version: 1.2.0
digest: sha256:c8b50a4cdaf9e920544b9db553f1fa20406455399d36074d4727f4137e49cb9d
generated: "2026-04-08T19:29:21.210885392+02:00"
