dependencies:
- name: postgresql
  repository: https://charts.bitnami.com/bitnami
  version: 18.6.2
- name: ctwall-backend
  repository: file://../../backend/helm/ctwall-backend
  version: 1.2.1
- name: ctwall-frontend
  repository: file://../../frontend/helm/ctwall-frontend
  version: 1.2.1
digest: sha256:3ad5b7f68460621463874034a8b422803cb11aae64e3f602837bb89e44a7cffb
generated: "2026-05-01T23:41:00.695068254Z"
